{
  "object": {
    "pins": [
      {
        "package": "DVNTAlertManager",
        "repositoryURL": "https://bitbucket.org/Devinet_Team/ios-library-dvntalertmanager",
        "state": {
          "branch": null,
          "revision": "19204be9680cc7045f8fc4bad12ba78c87d907d1",
          "version": "1.2.8"
        }
      },
      {
        "package": "DVNTStringExtension",
        "repositoryURL": "https://bitbucket.org/Devinet_Team/ios-library-dvntstringextension",
        "state": {
          "branch": null,
          "revision": "42f373a66e49d2c45d9f5c1e3c50e54eba744865",
          "version": "1.1.2"
        }
      },
      {
        "package": "DVNTUIWindowExtension",
        "repositoryURL": "https://bitbucket.org/Devinet_Team/ios-library-dvntuiwindowextension",
        "state": {
          "branch": null,
          "revision": "a2933470841da01402b182f40bc58a6f668f8a3f",
          "version": "1.0.6"
        }
      }
    ]
  },
  "version": 1
}
