{
  "object": {
    "pins": [
      {
        "package": "DVNTStringExtension",
        "repositoryURL": "https://github.com/Devinet-2013-S-L-U/ios-library-dvntstringextension.git",
        "state": {
          "branch": null,
          "revision": "30a2bf61d9766130de58def85b5ad9695b32f1d1",
          "version": "1.1.5"
        }
      },
      {
        "package": "DVNTUIWindowExtension",
        "repositoryURL": "https://github.com/Devinet-2013-S-L-U/ios-library-dvntuiwindowextension.git",
        "state": {
          "branch": null,
          "revision": "3c867fd679aed0fb546a7fd3a7bd0276b989be94",
          "version": "1.1.0"
        }
      }
    ]
  },
  "version": 1
}
